
Microsoft Visual Studio Solution File, Format Version 12.00
# Visual Studio 15
VisualStudioVersion = 15.0.28307.705
MinimumVisualStudioVersion = 10.0.40219.1
Project("{FAE04EC0-301F-11D3-BF4B-00C04F79EFBC}") = "Example", "Example\Example.csproj", "{B085708D-23EE-4764-85DE-60CFDCF8DAD3}"
EndProject
Global
	GlobalSection(SolutionConfigurationPlatforms) = preSolution
		Debug|Any CPU = Debug|Any CPU
		Release|Any CPU = Release|Any CPU
	EndGlobalSection
	GlobalSection(ProjectConfigurationPlatforms) = postSolution
		{B085708D-23EE-4764-85DE-60CFDCF8DAD3}.Debug|Any CPU.ActiveCfg = Debug|Any CPU
		{B085708D-23EE-4764-85DE-60CFDCF8DAD3}.Debug|Any CPU.Build.0 = Debug|Any CPU
		{B085708D-23EE-4764-85DE-60CFDCF8DAD3}.Release|Any CPU.ActiveCfg = Release|Any CPU
		{B085708D-23EE-4764-85DE-60CFDCF8DAD3}.Release|Any CPU.Build.0 = Release|Any CPU
	EndGlobalSection
	GlobalSection(SolutionProperties) = preSolution
		HideSolutionNode = FALSE
	EndGlobalSection
	GlobalSection(ExtensibilityGlobals) = postSolution
		SolutionGuid = {5B7985E5-38C1-4C5F-8002-2D43737ABCF7}
	EndGlobalSection
EndGlobal
